// !$*UTF8*$!
{
	archiveVersion = 1;
	classes = {
	};
	objectVersion = 56;
	objects = {

/* Begin PBXBuildFile section */
		0454FDA22AF59FD300E51133 /* CategoriesListViewController.swift in Sources */ = {isa = PBXBuildFile; fileRef = 0454FDA12AF59FD300E51133 /* CategoriesListViewController.swift */; };
		0454FDA62AF5A99C00E51133 /* CategoryRestaurantsViewController.swift in Sources */ = {isa = PBXBuildFile; fileRef = 0454FDA52AF5A99C00E51133 /* CategoryRestaurantsViewController.swift */; };
		0470F15F2AF2CA5700354943 /* AppDelegate.swift in Sources */ = {isa = PBXBuildFile; fileRef = 0470F15E2AF2CA5700354943 /* AppDelegate.swift */; };
		0470F1612AF2CA5700354943 /* SceneDelegate.swift in Sources */ = {isa = PBXBuildFile; fileRef = 0470F1602AF2CA5700354943 /* SceneDelegate.swift */; };
		0470F1662AF2CA5700354943 /* Main.storyboard in Resources */ = {isa = PBXBuildFile; fileRef = 0470F1642AF2CA5700354943 /* Main.storyboard */; };
		0470F1682AF2CA5800354943 /* Assets.xcassets in Resources */ = {isa = PBXBuildFile; fileRef = 0470F1672AF2CA5800354943 /* Assets.xcassets */; };
		0470F16B2AF2CA5800354943 /* LaunchScreen.storyboard in Resources */ = {isa = PBXBuildFile; fileRef = 0470F1692AF2CA5800354943 /* LaunchScreen.storyboard */; };
		0470F1732AF2CA8A00354943 /* MainTabBarController.swift in Sources */ = {isa = PBXBuildFile; fileRef = 0470F1722AF2CA8A00354943 /* MainTabBarController.swift */; };
		0470F17C2AF2CB8E00354943 /* DataService.swift in Sources */ = {isa = PBXBuildFile; fileRef = 0470F17B2AF2CB8E00354943 /* DataService.swift */; };
		0470F17E2AF2CBA500354943 /* Models.swift in Sources */ = {isa = PBXBuildFile; fileRef = 0470F17D2AF2CBA500354943 /* Models.swift */; };
		047F98332AF5844400D2444B /* CartManager.swift in Sources */ = {isa = PBXBuildFile; fileRef = 047F98322AF5844400D2444B /* CartManager.swift */; };
		047F98352AF587D400D2444B /* RestaurantsListViewController.swift in Sources */ = {isa = PBXBuildFile; fileRef = 047F98342AF587D400D2444B /* RestaurantsListViewController.swift */; };
		047F98392AF58BCA00D2444B /* RestaurantMenuViewController.swift in Sources */ = {isa = PBXBuildFile; fileRef = 047F98382AF58BCA00D2444B /* RestaurantMenuViewController.swift */; };
		04AD33992AF656D000F66B38 /* MenuItemViewCell.swift in Sources */ = {isa = PBXBuildFile; fileRef = 04AD33982AF656D000F66B38 /* MenuItemViewCell.swift */; };
		04AD339B2AF6636200F66B38 /* Development.storyboard in Resources */ = {isa = PBXBuildFile; fileRef = 04AD339A2AF6636100F66B38 /* Development.storyboard */; };
		B0EB79712AF41E1500D8625A /* Cart.storyboard in Resources */ = {isa = PBXBuildFile; fileRef = B0EB79702AF41E1500D8625A /* Cart.storyboard */; };
		B0EB79792AF437A700D8625A /* CartViewController.swift in Sources */ = {isa = PBXBuildFile; fileRef = B0EB79782AF437A700D8625A /* CartViewController.swift */; };
		B0EB797B2AF437E200D8625A /* OrderViewController.swift in Sources */ = {isa = PBXBuildFile; fileRef = B0EB797A2AF437E200D8625A /* OrderViewController.swift */; };
		B0EB797D2AF52D8F00D8625A /* CartTableViewCell.swift in Sources */ = {isa = PBXBuildFile; fileRef = B0EB797C2AF52D8F00D8625A /* CartTableViewCell.swift */; };
		B0EB797F2AF56C4E00D8625A /* OrderTableViewCell.swift in Sources */ = {isa = PBXBuildFile; fileRef = B0EB797E2AF56C4E00D8625A /* OrderTableViewCell.swift */; };
/* End PBXBuildFile section */

/* Begin PBXFileReference section */
		0454FDA12AF59FD300E51133 /* CategoriesListViewController.swift */ = {isa = PBXFileReference; lastKnownFileType = sourcecode.swift; path = CategoriesListViewController.swift; sourceTree = "<group>"; };
		0454FDA52AF5A99C00E51133 /* CategoryRestaurantsViewController.swift */ = {isa = PBXFileReference; lastKnownFileType = sourcecode.swift; path = CategoryRestaurantsViewController.swift; sourceTree = "<group>"; };
		0470F15B2AF2CA5700354943 /* DeliveryApp.app */ = {isa = PBXFileReference; explicitFileType = wrapper.application; includeInIndex = 0; path = DeliveryApp.app; sourceTree = BUILT_PRODUCTS_DIR; };
		0470F15E2AF2CA5700354943 /* AppDelegate.swift */ = {isa = PBXFileReference; lastKnownFileType = sourcecode.swift; path = AppDelegate.swift; sourceTree = "<group>"; };
		0470F1602AF2CA5700354943 /* SceneDelegate.swift */ = {isa = PBXFileReference; lastKnownFileType = sourcecode.swift; path = SceneDelegate.swift; sourceTree = "<group>"; };
		0470F1652AF2CA5700354943 /* Base */ = {isa = PBXFileReference; lastKnownFileType = file.storyboard; name = Base; path = Base.lproj/Main.storyboard; sourceTree = "<group>"; };
		0470F1672AF2CA5800354943 /* Assets.xcassets */ = {isa = PBXFileReference; lastKnownFileType = folder.assetcatalog; path = Assets.xcassets; sourceTree = "<group>"; };
		0470F16A2AF2CA5800354943 /* Base */ = {isa = PBXFileReference; lastKnownFileType = file.storyboard; name = Base; path = Base.lproj/LaunchScreen.storyboard; sourceTree = "<group>"; };
		0470F16C2AF2CA5800354943 /* Info.plist */ = {isa = PBXFileReference; lastKnownFileType = text.plist.xml; path = Info.plist; sourceTree = "<group>"; };
		0470F1722AF2CA8A00354943 /* MainTabBarController.swift */ = {isa = PBXFileReference; lastKnownFileType = sourcecode.swift; path = MainTabBarController.swift; sourceTree = "<group>"; };
		0470F17B2AF2CB8E00354943 /* DataService.swift */ = {isa = PBXFileReference; lastKnownFileType = sourcecode.swift; path = DataService.swift; sourceTree = "<group>"; };
		0470F17D2AF2CBA500354943 /* Models.swift */ = {isa = PBXFileReference; lastKnownFileType = sourcecode.swift; path = Models.swift; sourceTree = "<group>"; };
		047F98322AF5844400D2444B /* CartManager.swift */ = {isa = PBXFileReference; lastKnownFileType = sourcecode.swift; path = CartManager.swift; sourceTree = "<group>"; };
		047F98342AF587D400D2444B /* RestaurantsListViewController.swift */ = {isa = PBXFileReference; lastKnownFileType = sourcecode.swift; path = RestaurantsListViewController.swift; sourceTree = "<group>"; };
		047F98382AF58BCA00D2444B /* RestaurantMenuViewController.swift */ = {isa = PBXFileReference; lastKnownFileType = sourcecode.swift; path = RestaurantMenuViewController.swift; sourceTree = "<group>"; };
		04AD33982AF656D000F66B38 /* MenuItemViewCell.swift */ = {isa = PBXFileReference; lastKnownFileType = sourcecode.swift; path = MenuItemViewCell.swift; sourceTree = "<group>"; };
		04AD339A2AF6636100F66B38 /* Development.storyboard */ = {isa = PBXFileReference; lastKnownFileType = file.storyboard; path = Development.storyboard; sourceTree = "<group>"; };
		B0EB79702AF41E1500D8625A /* Cart.storyboard */ = {isa = PBXFileReference; lastKnownFileType = file.storyboard; path = Cart.storyboard; sourceTree = "<group>"; };
		B0EB79782AF437A700D8625A /* CartViewController.swift */ = {isa = PBXFileReference; lastKnownFileType = sourcecode.swift; name = CartViewController.swift; path = DeliveryApp/ViewControllers/CartViewController.swift; sourceTree = SOURCE_ROOT; };
		B0EB797A2AF437E200D8625A /* OrderViewController.swift */ = {isa = PBXFileReference; lastKnownFileType = sourcecode.swift; path = OrderViewController.swift; sourceTree = "<group>"; };
		B0EB797C2AF52D8F00D8625A /* CartTableViewCell.swift */ = {isa = PBXFileReference; lastKnownFileType = sourcecode.swift; path = CartTableViewCell.swift; sourceTree = "<group>"; };
		B0EB797E2AF56C4E00D8625A /* OrderTableViewCell.swift */ = {isa = PBXFileReference; lastKnownFileType = sourcecode.swift; path = OrderTableViewCell.swift; sourceTree = "<group>"; };
/* End PBXFileReference section */

/* Begin PBXFrameworksBuildPhase section */
		0470F1582AF2CA5700354943 /* Frameworks */ = {
			isa = PBXFrameworksBuildPhase;
			buildActionMask = 2147483647;
			files = (
			);
			runOnlyForDeploymentPostprocessing = 0;
		};
/* End PBXFrameworksBuildPhase section */

/* Begin PBXGroup section */
		0470F1522AF2CA5700354943 = {
			isa = PBXGroup;
			children = (
				0470F15D2AF2CA5700354943 /* DeliveryApp */,
				0470F15C2AF2CA5700354943 /* Products */,
			);
			sourceTree = "<group>";
		};
		0470F15C2AF2CA5700354943 /* Products */ = {
			isa = PBXGroup;
			children = (
				0470F15B2AF2CA5700354943 /* DeliveryApp.app */,
			);
			name = Products;
			sourceTree = "<group>";
		};
		0470F15D2AF2CA5700354943 /* DeliveryApp */ = {
			isa = PBXGroup;
			children = (
				0470F1782AF2CAD500354943 /* Resources */,
				0470F17A2AF2CAD500354943 /* App */,
				0470F1752AF2CAD500354943 /* ViewControllers */,
				0470F1792AF2CAD500354943 /* Storyboards */,
				047F98312AF5842B00D2444B /* ViewModels */,
				0470F1742AF2CAD500354943 /* Services */,
				0470F1772AF2CAD500354943 /* Models */,
				0470F1762AF2CAD500354943 /* Extensions */,
			);
			path = DeliveryApp;
			sourceTree = "<group>";
		};
		0470F1742AF2CAD500354943 /* Services */ = {
			isa = PBXGroup;
			children = (
				0470F17B2AF2CB8E00354943 /* DataService.swift */,
			);
			path = Services;
			sourceTree = "<group>";
		};
		0470F1752AF2CAD500354943 /* ViewControllers */ = {
			isa = PBXGroup;
			children = (
				0470F1722AF2CA8A00354943 /* MainTabBarController.swift */,
				047F98342AF587D400D2444B /* RestaurantsListViewController.swift */,
				047F98382AF58BCA00D2444B /* RestaurantMenuViewController.swift */,
				0454FDA12AF59FD300E51133 /* CategoriesListViewController.swift */,
				0454FDA52AF5A99C00E51133 /* CategoryRestaurantsViewController.swift */,
				04AD33982AF656D000F66B38 /* MenuItemViewCell.swift */,
				B0EB79782AF437A700D8625A /* CartViewController.swift */,
				B0EB797C2AF52D8F00D8625A /* CartTableViewCell.swift */,
				B0EB797A2AF437E200D8625A /* OrderViewController.swift */,
				B0EB797E2AF56C4E00D8625A /* OrderTableViewCell.swift */,
			);
			path = ViewControllers;
			sourceTree = "<group>";
		};
		0470F1762AF2CAD500354943 /* Extensions */ = {
			isa = PBXGroup;
			children = (
			);
			path = Extensions;
			sourceTree = "<group>";
		};
		0470F1772AF2CAD500354943 /* Models */ = {
			isa = PBXGroup;
			children = (
				0470F17D2AF2CBA500354943 /* Models.swift */,
			);
			path = Models;
			sourceTree = "<group>";
		};
		0470F1782AF2CAD500354943 /* Resources */ = {
			isa = PBXGroup;
			children = (
				0470F1672AF2CA5800354943 /* Assets.xcassets */,
			);
			path = Resources;
			sourceTree = "<group>";
		};
		0470F1792AF2CAD500354943 /* Storyboards */ = {
			isa = PBXGroup;
			children = (
				B0EB79702AF41E1500D8625A /* Cart.storyboard */,
				0470F1692AF2CA5800354943 /* LaunchScreen.storyboard */,
				0470F1642AF2CA5700354943 /* Main.storyboard */,
				04AD339A2AF6636100F66B38 /* Development.storyboard */,
			);
			path = Storyboards;
			sourceTree = "<group>";
		};
		0470F17A2AF2CAD500354943 /* App */ = {
			isa = PBXGroup;
			children = (
				0470F15E2AF2CA5700354943 /* AppDelegate.swift */,
				0470F1602AF2CA5700354943 /* SceneDelegate.swift */,
				0470F16C2AF2CA5800354943 /* Info.plist */,
			);
			path = App;
			sourceTree = "<group>";
		};
		047F98312AF5842B00D2444B /* ViewModels */ = {
			isa = PBXGroup;
			children = (
				047F98322AF5844400D2444B /* CartManager.swift */,
			);
			path = ViewModels;
			sourceTree = "<group>";
		};
/* End PBXGroup section */

/* Begin PBXNativeTarget section */
		0470F15A2AF2CA5700354943 /* DeliveryApp */ = {
			isa = PBXNativeTarget;
			buildConfigurationList = 0470F16F2AF2CA5800354943 /* Build configuration list for PBXNativeTarget "DeliveryApp" */;
			buildPhases = (
				0470F1572AF2CA5700354943 /* Sources */,
				0470F1582AF2CA5700354943 /* Frameworks */,
				0470F1592AF2CA5700354943 /* Resources */,
			);
			buildRules = (
			);
			dependencies = (
			);
			name = DeliveryApp;
			productName = DeliveryApp;
			productReference = 0470F15B2AF2CA5700354943 /* DeliveryApp.app */;
			productType = "com.apple.product-type.application";
		};
/* End PBXNativeTarget section */

/* Begin PBXProject section */
		0470F1532AF2CA5700354943 /* Project object */ = {
			isa = PBXProject;
			attributes = {
				BuildIndependentTargetsInParallel = 1;
				LastSwiftUpdateCheck = 1500;
				LastUpgradeCheck = 1500;
				TargetAttributes = {
					0470F15A2AF2CA5700354943 = {
						CreatedOnToolsVersion = 15.0.1;
					};
				};
			};
			buildConfigurationList = 0470F1562AF2CA5700354943 /* Build configuration list for PBXProject "DeliveryApp" */;
			compatibilityVersion = "Xcode 14.0";
			developmentRegion = en;
			hasScannedForEncodings = 0;
			knownRegions = (
				en,
				Base,
			);
			mainGroup = 0470F1522AF2CA5700354943;
			productRefGroup = 0470F15C2AF2CA5700354943 /* Products */;
			projectDirPath = "";
			projectRoot = "";
			targets = (
				0470F15A2AF2CA5700354943 /* DeliveryApp */,
			);
		};
/* End PBXProject section */

/* Begin PBXResourcesBuildPhase section */
		0470F1592AF2CA5700354943 /* Resources */ = {
			isa = PBXResourcesBuildPhase;
			buildActionMask = 2147483647;
			files = (
				04AD339B2AF6636200F66B38 /* Development.storyboard in Resources */,
				B0EB79712AF41E1500D8625A /* Cart.storyboard in Resources */,
				0470F16B2AF2CA5800354943 /* LaunchScreen.storyboard in Resources */,
				0470F1682AF2CA5800354943 /* Assets.xcassets in Resources */,
				0470F1662AF2CA5700354943 /* Main.storyboard in Resources */,
			);
			runOnlyForDeploymentPostprocessing = 0;
		};
/* End PBXResourcesBuildPhase section */

/* Begin PBXSourcesBuildPhase section */
		0470F1572AF2CA5700354943 /* Sources */ = {
			isa = PBXSourcesBuildPhase;
			buildActionMask = 2147483647;
			files = (
				047F98352AF587D400D2444B /* RestaurantsListViewController.swift in Sources */,
				0454FDA62AF5A99C00E51133 /* CategoryRestaurantsViewController.swift in Sources */,
				0470F15F2AF2CA5700354943 /* AppDelegate.swift in Sources */,
				047F98392AF58BCA00D2444B /* RestaurantMenuViewController.swift in Sources */,
				047F98332AF5844400D2444B /* CartManager.swift in Sources */,
				0454FDA22AF59FD300E51133 /* CategoriesListViewController.swift in Sources */,
				0470F1732AF2CA8A00354943 /* MainTabBarController.swift in Sources */,
				04AD33992AF656D000F66B38 /* MenuItemViewCell.swift in Sources */,
				0470F1612AF2CA5700354943 /* SceneDelegate.swift in Sources */,
				B0EB797B2AF437E200D8625A /* OrderViewController.swift in Sources */,
				0470F17C2AF2CB8E00354943 /* DataService.swift in Sources */,
				B0EB79792AF437A700D8625A /* CartViewController.swift in Sources */,
				B0EB797F2AF56C4E00D8625A /* OrderTableViewCell.swift in Sources */,
				0470F17E2AF2CBA500354943 /* Models.swift in Sources */,
				B0EB797D2AF52D8F00D8625A /* CartTableViewCell.swift in Sources */,
			);
			runOnlyForDeploymentPostprocessing = 0;
		};
/* End PBXSourcesBuildPhase section */

/* Begin PBXVariantGroup section */
		0470F1642AF2CA5700354943 /* Main.storyboard */ = {
			isa = PBXVariantGroup;
			children = (
				0470F1652AF2CA5700354943 /* Base */,
			);
			name = Main.storyboard;
			sourceTree = "<group>";
		};
		0470F1692AF2CA5800354943 /* LaunchScreen.storyboard */ = {
			isa = PBXVariantGroup;
			children = (
				0470F16A2AF2CA5800354943 /* Base */,
			);
			name = LaunchScreen.storyboard;
			sourceTree = "<group>";
		};
/* End PBXVariantGroup section */

/* Begin XCBuildConfiguration section */
		0470F16D2AF2CA5800354943 /* Debug */ = {
			isa = XCBuildConfiguration;
			buildSettings = {
				ALWAYS_SEARCH_USER_PATHS = NO;
				ASSETCATALOG_COMPILER_GENERATE_SWIFT_ASSET_SYMBOL_EXTENSIONS = YES;
				CLANG_ANALYZER_NONNULL = YES;
				CLANG_ANALYZER_NUMBER_OBJECT_CONVERSION = YES_AGGRESSIVE;
				CLANG_CXX_LANGUAGE_STANDARD = "gnu++20";
				CLANG_ENABLE_MODULES = YES;
				CLANG_ENABLE_OBJC_ARC = YES;
				CLANG_ENABLE_OBJC_WEAK = YES;
				CLANG_WARN_BLOCK_CAPTURE_AUTORELEASING = YES;
				CLANG_WARN_BOOL_CONVERSION = YES;
				CLANG_WARN_COMMA = YES;
				CLANG_WARN_CONSTANT_CONVERSION = YES;
				CLANG_WARN_DEPRECATED_OBJC_IMPLEMENTATIONS = YES;
				CLANG_WARN_DIRECT_OBJC_ISA_USAGE = YES_ERROR;
				CLANG_WARN_DOCUMENTATION_COMMENTS = YES;
				CLANG_WARN_EMPTY_BODY = YES;
				CLANG_WARN_ENUM_CONVERSION = YES;
				CLANG_WARN_INFINITE_RECURSION = YES;
				CLANG_WARN_INT_CONVERSION = YES;
				CLANG_WARN_NON_LITERAL_NULL_CONVERSION = YES;
				CLANG_WARN_OBJC_IMPLICIT_RETAIN_SELF = YES;
				CLANG_WARN_OBJC_LITERAL_CONVERSION = YES;
				CLANG_WARN_OBJC_ROOT_CLASS = YES_ERROR;
				CLANG_WARN_QUOTED_INCLUDE_IN_FRAMEWORK_HEADER = YES;
				CLANG_WARN_RANGE_LOOP_ANALYSIS = YES;
				CLANG_WARN_STRICT_PROTOTYPES = YES;
				CLANG_WARN_SUSPICIOUS_MOVE = YES;
				CLANG_WARN_UNGUARDED_AVAILABILITY = YES_AGGRESSIVE;
				CLANG_WARN_UNREACHABLE_CODE = YES;
				CLANG_WARN__DUPLICATE_METHOD_MATCH = YES;
				COPY_PHASE_STRIP = NO;
				DEBUG_INFORMATION_FORMAT = dwarf;
				ENABLE_STRICT_OBJC_MSGSEND = YES;
				ENABLE_TESTABILITY = YES;
				ENABLE_USER_SCRIPT_SANDBOXING = YES;
				GCC_C_LANGUAGE_STANDARD = gnu17;
				GCC_DYNAMIC_NO_PIC = NO;
				GCC_NO_COMMON_BLOCKS = YES;
				GCC_OPTIMIZATION_LEVEL = 0;
				GCC_PREPROCESSOR_DEFINITIONS = (
					"DEBUG=1",
					"$(inherited)",
				);
				GCC_WARN_64_TO_32_BIT_CONVERSION = YES;
				GCC_WARN_ABOUT_RETURN_TYPE = YES_ERROR;
				GCC_WARN_UNDECLARED_SELECTOR = YES;
				GCC_WARN_UNINITIALIZED_AUTOS = YES_AGGRESSIVE;
				GCC_WARN_UNUSED_FUNCTION = YES;
				GCC_WARN_UNUSED_VARIABLE = YES;
				IPHONEOS_DEPLOYMENT_TARGET = 17.0;
				LOCALIZATION_PREFERS_STRING_CATALOGS = YES;
				MTL_ENABLE_DEBUG_INFO = INCLUDE_SOURCE;
				MTL_FAST_MATH = YES;
				ONLY_ACTIVE_ARCH = YES;
				SDKROOT = iphoneos;
				SWIFT_ACTIVE_COMPILATION_CONDITIONS = "DEBUG $(inherited)";
				SWIFT_OPTIMIZATION_LEVEL = "-Onone";
			};
			name = Debug;
		};
		0470F16E2AF2CA5800354943 /* Release */ = {
			isa = XCBuildConfiguration;
			buildSettings = {
				ALWAYS_SEARCH_USER_PATHS = NO;
				ASSETCATALOG_COMPILER_GENERATE_SWIFT_ASSET_SYMBOL_EXTENSIONS = YES;
				CLANG_ANALYZER_NONNULL = YES;
				CLANG_ANALYZER_NUMBER_OBJECT_CONVERSION = YES_AGGRESSIVE;
				CLANG_CXX_LANGUAGE_STANDARD = "gnu++20";
				CLANG_ENABLE_MODULES = YES;
				CLANG_ENABLE_OBJC_ARC = YES;
				CLANG_ENABLE_OBJC_WEAK = YES;
				CLANG_WARN_BLOCK_CAPTURE_AUTORELEASING = YES;
				CLANG_WARN_BOOL_CONVERSION = YES;
				CLANG_WARN_COMMA = YES;
				CLANG_WARN_CONSTANT_CONVERSION = YES;
				CLANG_WARN_DEPRECATED_OBJC_IMPLEMENTATIONS = YES;
				CLANG_WARN_DIRECT_OBJC_ISA_USAGE = YES_ERROR;
				CLANG_WARN_DOCUMENTATION_COMMENTS = YES;
				CLANG_WARN_EMPTY_BODY = YES;
				CLANG_WARN_ENUM_CONVERSION = YES;
				CLANG_WARN_INFINITE_RECURSION = YES;
				CLANG_WARN_INT_CONVERSION = YES;
				CLANG_WARN_NON_LITERAL_NULL_CONVERSION = YES;
				CLANG_WARN_OBJC_IMPLICIT_RETAIN_SELF = YES;
				CLANG_WARN_OBJC_LITERAL_CONVERSION = YES;
				CLANG_WARN_OBJC_ROOT_CLASS = YES_ERROR;
				CLANG_WARN_QUOTED_INCLUDE_IN_FRAMEWORK_HEADER = YES;
				CLANG_WARN_RANGE_LOOP_ANALYSIS = YES;
				CLANG_WARN_STRICT_PROTOTYPES = YES;
				CLANG_WARN_SUSPICIOUS_MOVE = YES;
				CLANG_WARN_UNGUARDED_AVAILABILITY = YES_AGGRESSIVE;
				CLANG_WARN_UNREACHABLE_CODE = YES;
				CLANG_WARN__DUPLICATE_METHOD_MATCH = YES;
				COPY_PHASE_STRIP = NO;
				DEBUG_INFORMATION_FORMAT = "dwarf-with-dsym";
				ENABLE_NS_ASSERTIONS = NO;
				ENABLE_STRICT_OBJC_MSGSEND = YES;
				ENABLE_USER_SCRIPT_SANDBOXING = YES;
				GCC_C_LANGUAGE_STANDARD = gnu17;
				GCC_NO_COMMON_BLOCKS = YES;
				GCC_WARN_64_TO_32_BIT_CONVERSION = YES;
				GCC_WARN_ABOUT_RETURN_TYPE = YES_ERROR;
				GCC_WARN_UNDECLARED_SELECTOR = YES;
				GCC_WARN_UNINITIALIZED_AUTOS = YES_AGGRESSIVE;
				GCC_WARN_UNUSED_FUNCTION = YES;
				GCC_WARN_UNUSED_VARIABLE = YES;
				IPHONEOS_DEPLOYMENT_TARGET = 17.0;
				LOCALIZATION_PREFERS_STRING_CATALOGS = YES;
				MTL_ENABLE_DEBUG_INFO = NO;
				MTL_FAST_MATH = YES;
				SDKROOT = iphoneos;
				SWIFT_COMPILATION_MODE = wholemodule;
				VALIDATE_PRODUCT = YES;
			};
			name = Release;
		};
		0470F1702AF2CA5800354943 /* Debug */ = {
			isa = XCBuildConfiguration;
			buildSettings = {
				ASSETCATALOG_COMPILER_APPICON_NAME = AppIcon;
				ASSETCATALOG_COMPILER_GLOBAL_ACCENT_COLOR_NAME = AccentColor;
				CODE_SIGN_STYLE = Automatic;
				CURRENT_PROJECT_VERSION = 1;
				DEVELOPMENT_TEAM = 9LRJ33A34U;
				GENERATE_INFOPLIST_FILE = YES;
				INFOPLIST_FILE = DeliveryApp/App/Info.plist;
				INFOPLIST_KEY_UIApplicationSupportsIndirectInputEvents = YES;
				INFOPLIST_KEY_UILaunchStoryboardName = LaunchScreen;
				INFOPLIST_KEY_UIMainStoryboardFile = Main;
				INFOPLIST_KEY_UISupportedInterfaceOrientations = UIInterfaceOrientationPortrait;
				INFOPLIST_KEY_UISupportedInterfaceOrientations_iPad = "UIInterfaceOrientationLandscapeLeft UIInterfaceOrientationLandscapeRight UIInterfaceOrientationPortrait UIInterfaceOrientationPortraitUpsideDown";
				IPHONEOS_DEPLOYMENT_TARGET = 16.0;
				LD_RUNPATH_SEARCH_PATHS = (
					"$(inherited)",
					"@executable_path/Frameworks",
				);
				MARKETING_VERSION = 1.0;
				PRODUCT_BUNDLE_IDENTIFIER = "com.Denis-Yarets.DeliveryApp";
				PRODUCT_NAME = "$(TARGET_NAME)";
				SUPPORTED_PLATFORMS = "iphoneos iphonesimulator";
				SUPPORTS_MACCATALYST = NO;
				SUPPORTS_MAC_DESIGNED_FOR_IPHONE_IPAD = NO;
				SWIFT_EMIT_LOC_STRINGS = YES;
				SWIFT_VERSION = 5.0;
				TARGETED_DEVICE_FAMILY = 1;
			};
			name = Debug;
		};
		0470F1712AF2CA5800354943 /* Release */ = {
			isa = XCBuildConfiguration;
			buildSettings = {
				ASSETCATALOG_COMPILER_APPICON_NAME = AppIcon;
				ASSETCATALOG_COMPILER_GLOBAL_ACCENT_COLOR_NAME = AccentColor;
				CODE_SIGN_STYLE = Automatic;
				CURRENT_PROJECT_VERSION = 1;
				DEVELOPMENT_TEAM = 9LRJ33A34U;
				GENERATE_INFOPLIST_FILE = YES;
				INFOPLIST_FILE = DeliveryApp/App/Info.plist;
				INFOPLIST_KEY_UIApplicationSupportsIndirectInputEvents = YES;
				INFOPLIST_KEY_UILaunchStoryboardName = LaunchScreen;
				INFOPLIST_KEY_UIMainStoryboardFile = Main;
				INFOPLIST_KEY_UISupportedInterfaceOrientations = UIInterfaceOrientationPortrait;
				INFOPLIST_KEY_UISupportedInterfaceOrientations_iPad = "UIInterfaceOrientationLandscapeLeft UIInterfaceOrientationLandscapeRight UIInterfaceOrientationPortrait UIInterfaceOrientationPortraitUpsideDown";
				IPHONEOS_DEPLOYMENT_TARGET = 16.0;
				LD_RUNPATH_SEARCH_PATHS = (
					"$(inherited)",
					"@executable_path/Frameworks",
				);
				MARKETING_VERSION = 1.0;
				PRODUCT_BUNDLE_IDENTIFIER = "com.Denis-Yarets.DeliveryApp";
				PRODUCT_NAME = "$(TARGET_NAME)";
				SUPPORTED_PLATFORMS = "iphoneos iphonesimulator";
				SUPPORTS_MACCATALYST = NO;
				SUPPORTS_MAC_DESIGNED_FOR_IPHONE_IPAD = NO;
				SWIFT_EMIT_LOC_STRINGS = YES;
				SWIFT_VERSION = 5.0;
				TARGETED_DEVICE_FAMILY = 1;
			};
			name = Release;
		};
/* End XCBuildConfiguration section */

/* Begin XCConfigurationList section */
		0470F1562AF2CA5700354943 /* Build configuration list for PBXProject "DeliveryApp" */ = {
			isa = XCConfigurationList;
			buildConfigurations = (
				0470F16D2AF2CA5800354943 /* Debug */,
				0470F16E2AF2CA5800354943 /* Release */,
			);
			defaultConfigurationIsVisible = 0;
			defaultConfigurationName = Release;
		};
		0470F16F2AF2CA5800354943 /* Build configuration list for PBXNativeTarget "DeliveryApp" */ = {
			isa = XCConfigurationList;
			buildConfigurations = (
				0470F1702AF2CA5800354943 /* Debug */,
				0470F1712AF2CA5800354943 /* Release */,
			);
			defaultConfigurationIsVisible = 0;
			defaultConfigurationName = Release;
		};
/* End XCConfigurationList section */
	};
	rootObject = 0470F1532AF2CA5700354943 /* Project object */;
}
